// !$*UTF8*$!
{
	archiveVersion = 1;
	classes = {
	};
	objectVersion = 56;
	objects = {

/* Begin PBXBuildFile section */
		3DC31BCA297ACAD3009ECE9B /* AppDelegate.swift in Sources */ = {isa = PBXBuildFile; fileRef = 3DC31BC9297ACAD3009ECE9B /* AppDelegate.swift */; };
		3DC31BCC297ACAD3009ECE9B /* SceneDelegate.swift in Sources */ = {isa = PBXBuildFile; fileRef = 3DC31BCB297ACAD3009ECE9B /* SceneDelegate.swift */; };
		3DC31BCE297ACAD3009ECE9B /* ViewController.swift in Sources */ = {isa = PBXBuildFile; fileRef = 3DC31BCD297ACAD3009ECE9B /* ViewController.swift */; };
		3DC31BD1297ACAD3009ECE9B /* Main.storyboard in Resources */ = {isa = PBXBuildFile; fileRef = 3DC31BCF297ACAD3009ECE9B /* Main.storyboard */; };
		3DC31BD3297ACAD5009ECE9B /* Assets.xcassets in Resources */ = {isa = PBXBuildFile; fileRef = 3DC31BD2297ACAD5009ECE9B /* Assets.xcassets */; };
		3DC31BD6297ACAD5009ECE9B /* LaunchScreen.storyboard in Resources */ = {isa = PBXBuildFile; fileRef = 3DC31BD4297ACAD5009ECE9B /* LaunchScreen.storyboard */; };
		3DC31BE0297B65F9009ECE9B /* LUCollectionViewCell.swift in Sources */ = {isa = PBXBuildFile; fileRef = 3DC31BDF297B65F9009ECE9B /* LUCollectionViewCell.swift */; };
		3DC31BE3297B6EC2009ECE9B /* ListenModel.swift in Sources */ = {isa = PBXBuildFile; fileRef = 3DC31BE2297B6EC2009ECE9B /* ListenModel.swift */; };
		3DC31BEE297B7FE7009ECE9B /* mozart-piano-Sonata.mp4 in Resources */ = {isa = PBXBuildFile; fileRef = 3DC31BE6297B7FE5009ECE9B /* mozart-piano-Sonata.mp4 */; };
		3DC31BEF297B7FE7009ECE9B /* twinkle-twinkle-little-star.mp4 in Resources */ = {isa = PBXBuildFile; fileRef = 3DC31BE7297B7FE5009ECE9B /* twinkle-twinkle-little-star.mp4 */; };
		3DC31BF0297B7FE7009ECE9B /* baa-baa-black-sheep.mp4 in Resources */ = {isa = PBXBuildFile; fileRef = 3DC31BE8297B7FE5009ECE9B /* baa-baa-black-sheep.mp4 */; };
		3DC31BF1297B7FE7009ECE9B /* Baby-lullaby-music.mp4 in Resources */ = {isa = PBXBuildFile; fileRef = 3DC31BE9297B7FE6009ECE9B /* Baby-lullaby-music.mp4 */; };
		3DC31BF2297B7FE7009ECE9B /* mozart-minuet.mp4 in Resources */ = {isa = PBXBuildFile; fileRef = 3DC31BEA297B7FE6009ECE9B /* mozart-minuet.mp4 */; };
		3DC31BF3297B7FE7009ECE9B /* hush-little-baby.mp4 in Resources */ = {isa = PBXBuildFile; fileRef = 3DC31BEB297B7FE6009ECE9B /* hush-little-baby.mp4 */; };
		3DC31BF4297B7FE7009ECE9B /* lavenders-blue.mp4 in Resources */ = {isa = PBXBuildFile; fileRef = 3DC31BEC297B7FE6009ECE9B /* lavenders-blue.mp4 */; };
		3DC31BF5297B7FE7009ECE9B /* mozart-serenade.mp4 in Resources */ = {isa = PBXBuildFile; fileRef = 3DC31BED297B7FE7009ECE9B /* mozart-serenade.mp4 */; };
		3DCD9C2729812C2D0067A64A /* ColorExtension.swift in Sources */ = {isa = PBXBuildFile; fileRef = 3DCD9C2629812C2D0067A64A /* ColorExtension.swift */; };
		3DCEA1522989D60200D4FDFD /* LUListenViewModel.swift in Sources */ = {isa = PBXBuildFile; fileRef = 3DCEA1512989D60200D4FDFD /* LUListenViewModel.swift */; };
/* End PBXBuildFile section */

/* Begin PBXFileReference section */
		3DC31BC6297ACAD3009ECE9B /* lulaapp.app */ = {isa = PBXFileReference; explicitFileType = wrapper.application; includeInIndex = 0; path = lulaapp.app; sourceTree = BUILT_PRODUCTS_DIR; };
		3DC31BC9297ACAD3009ECE9B /* AppDelegate.swift */ = {isa = PBXFileReference; lastKnownFileType = sourcecode.swift; path = AppDelegate.swift; sourceTree = "<group>"; };
		3DC31BCB297ACAD3009ECE9B /* SceneDelegate.swift */ = {isa = PBXFileReference; lastKnownFileType = sourcecode.swift; path = SceneDelegate.swift; sourceTree = "<group>"; };
		3DC31BCD297ACAD3009ECE9B /* ViewController.swift */ = {isa = PBXFileReference; lastKnownFileType = sourcecode.swift; path = ViewController.swift; sourceTree = "<group>"; };
		3DC31BD0297ACAD3009ECE9B /* Base */ = {isa = PBXFileReference; lastKnownFileType = file.storyboard; name = Base; path = Base.lproj/Main.storyboard; sourceTree = "<group>"; };
		3DC31BD2297ACAD5009ECE9B /* Assets.xcassets */ = {isa = PBXFileReference; lastKnownFileType = folder.assetcatalog; path = Assets.xcassets; sourceTree = "<group>"; };
		3DC31BD5297ACAD5009ECE9B /* Base */ = {isa = PBXFileReference; lastKnownFileType = file.storyboard; name = Base; path = Base.lproj/LaunchScreen.storyboard; sourceTree = "<group>"; };
		3DC31BD7297ACAD5009ECE9B /* Info.plist */ = {isa = PBXFileReference; lastKnownFileType = text.plist.xml; path = Info.plist; sourceTree = "<group>"; };
		3DC31BDF297B65F9009ECE9B /* LUCollectionViewCell.swift */ = {isa = PBXFileReference; lastKnownFileType = sourcecode.swift; path = LUCollectionViewCell.swift; sourceTree = "<group>"; };
		3DC31BE2297B6EC2009ECE9B /* ListenModel.swift */ = {isa = PBXFileReference; lastKnownFileType = sourcecode.swift; path = ListenModel.swift; sourceTree = "<group>"; };
		3DC31BE6297B7FE5009ECE9B /* mozart-piano-Sonata.mp4 */ = {isa = PBXFileReference; lastKnownFileType = file; path = "mozart-piano-Sonata.mp4"; sourceTree = "<group>"; };
		3DC31BE7297B7FE5009ECE9B /* twinkle-twinkle-little-star.mp4 */ = {isa = PBXFileReference; lastKnownFileType = file; path = "twinkle-twinkle-little-star.mp4"; sourceTree = "<group>"; };
		3DC31BE8297B7FE5009ECE9B /* baa-baa-black-sheep.mp4 */ = {isa = PBXFileReference; lastKnownFileType = file; path = "baa-baa-black-sheep.mp4"; sourceTree = "<group>"; };
		3DC31BE9297B7FE6009ECE9B /* Baby-lullaby-music.mp4 */ = {isa = PBXFileReference; lastKnownFileType = file; path = "Baby-lullaby-music.mp4"; sourceTree = "<group>"; };
		3DC31BEA297B7FE6009ECE9B /* mozart-minuet.mp4 */ = {isa = PBXFileReference; lastKnownFileType = file; path = "mozart-minuet.mp4"; sourceTree = "<group>"; };
		3DC31BEB297B7FE6009ECE9B /* hush-little-baby.mp4 */ = {isa = PBXFileReference; lastKnownFileType = file; path = "hush-little-baby.mp4"; sourceTree = "<group>"; };
		3DC31BEC297B7FE6009ECE9B /* lavenders-blue.mp4 */ = {isa = PBXFileReference; lastKnownFileType = file; path = "lavenders-blue.mp4"; sourceTree = "<group>"; };
		3DC31BED297B7FE7009ECE9B /* mozart-serenade.mp4 */ = {isa = PBXFileReference; lastKnownFileType = file; path = "mozart-serenade.mp4"; sourceTree = "<group>"; };
		3DCD9C2629812C2D0067A64A /* ColorExtension.swift */ = {isa = PBXFileReference; lastKnownFileType = sourcecode.swift; path = ColorExtension.swift; sourceTree = "<group>"; };
		3DCEA1512989D60200D4FDFD /* LUListenViewModel.swift */ = {isa = PBXFileReference; lastKnownFileType = sourcecode.swift; path = LUListenViewModel.swift; sourceTree = "<group>"; };
/* End PBXFileReference section */

/* Begin PBXFrameworksBuildPhase section */
		3DC31BC3297ACAD3009ECE9B /* Frameworks */ = {
			isa = PBXFrameworksBuildPhase;
			buildActionMask = 2147483647;
			files = (
			);
			runOnlyForDeploymentPostprocessing = 0;
		};
/* End PBXFrameworksBuildPhase section */

/* Begin PBXGroup section */
		3DC31BBD297ACAD3009ECE9B = {
			isa = PBXGroup;
			children = (
				3DC31BE8297B7FE5009ECE9B /* baa-baa-black-sheep.mp4 */,
				3DC31BE9297B7FE6009ECE9B /* Baby-lullaby-music.mp4 */,
				3DC31BEB297B7FE6009ECE9B /* hush-little-baby.mp4 */,
				3DC31BEC297B7FE6009ECE9B /* lavenders-blue.mp4 */,
				3DC31BEA297B7FE6009ECE9B /* mozart-minuet.mp4 */,
				3DC31BE6297B7FE5009ECE9B /* mozart-piano-Sonata.mp4 */,
				3DC31BED297B7FE7009ECE9B /* mozart-serenade.mp4 */,
				3DC31BE7297B7FE5009ECE9B /* twinkle-twinkle-little-star.mp4 */,
				3DC31BC8297ACAD3009ECE9B /* lulaapp */,
				3DC31BC7297ACAD3009ECE9B /* Products */,
			);
			sourceTree = "<group>";
		};
		3DC31BC7297ACAD3009ECE9B /* Products */ = {
			isa = PBXGroup;
			children = (
				3DC31BC6297ACAD3009ECE9B /* lulaapp.app */,
			);
			name = Products;
			sourceTree = "<group>";
		};
		3DC31BC8297ACAD3009ECE9B /* lulaapp */ = {
			isa = PBXGroup;
			children = (
				3DCEA1502989D5BE00D4FDFD /* ViewModel */,
				3DC31BE1297B6E8C009ECE9B /* Model */,
				3DC31BDF297B65F9009ECE9B /* LUCollectionViewCell.swift */,
				3DC31BC9297ACAD3009ECE9B /* AppDelegate.swift */,
				3DC31BCB297ACAD3009ECE9B /* SceneDelegate.swift */,
				3DC31BCD297ACAD3009ECE9B /* ViewController.swift */,
				3DC31BCF297ACAD3009ECE9B /* Main.storyboard */,
				3DC31BD2297ACAD5009ECE9B /* Assets.xcassets */,
				3DC31BD4297ACAD5009ECE9B /* LaunchScreen.storyboard */,
				3DC31BD7297ACAD5009ECE9B /* Info.plist */,
				3DCD9C2629812C2D0067A64A /* ColorExtension.swift */,
			);
			path = lulaapp;
			sourceTree = "<group>";
		};
		3DC31BE1297B6E8C009ECE9B /* Model */ = {
			isa = PBXGroup;
			children = (
				3DC31BE2297B6EC2009ECE9B /* ListenModel.swift */,
			);
			path = Model;
			sourceTree = "<group>";
		};
		3DCEA1502989D5BE00D4FDFD /* ViewModel */ = {
			isa = PBXGroup;
			children = (
				3DCEA1512989D60200D4FDFD /* LUListenViewModel.swift */,
			);
			path = ViewModel;
			sourceTree = "<group>";
		};
/* End PBXGroup section */

/* Begin PBXNativeTarget section */
		3DC31BC5297ACAD3009ECE9B /* lulaapp */ = {
			isa = PBXNativeTarget;
			buildConfigurationList = 3DC31BDA297ACAD5009ECE9B /* Build configuration list for PBXNativeTarget "lulaapp" */;
			buildPhases = (
				3DC31BC2297ACAD3009ECE9B /* Sources */,
				3DC31BC3297ACAD3009ECE9B /* Frameworks */,
				3DC31BC4297ACAD3009ECE9B /* Resources */,
			);
			buildRules = (
			);
			dependencies = (
			);
			name = lulaapp;
			productName = lulaapp;
			productReference = 3DC31BC6297ACAD3009ECE9B /* lulaapp.app */;
			productType = "com.apple.product-type.application";
		};
/* End PBXNativeTarget section */

/* Begin PBXProject section */
		3DC31BBE297ACAD3009ECE9B /* Project object */ = {
			isa = PBXProject;
			attributes = {
				BuildIndependentTargetsInParallel = 1;
				LastSwiftUpdateCheck = 1420;
				LastUpgradeCheck = 1420;
				TargetAttributes = {
					3DC31BC5297ACAD3009ECE9B = {
						CreatedOnToolsVersion = 14.2;
					};
				};
			};
			buildConfigurationList = 3DC31BC1297ACAD3009ECE9B /* Build configuration list for PBXProject "lulaapp" */;
			compatibilityVersion = "Xcode 14.0";
			developmentRegion = en;
			hasScannedForEncodings = 0;
			knownRegions = (
				en,
				Base,
			);
			mainGroup = 3DC31BBD297ACAD3009ECE9B;
			productRefGroup = 3DC31BC7297ACAD3009ECE9B /* Products */;
			projectDirPath = "";
			projectRoot = "";
			targets = (
				3DC31BC5297ACAD3009ECE9B /* lulaapp */,
			);
		};
/* End PBXProject section */

/* Begin PBXResourcesBuildPhase section */
		3DC31BC4297ACAD3009ECE9B /* Resources */ = {
			isa = PBXResourcesBuildPhase;
			buildActionMask = 2147483647;
			files = (
				3DC31BF1297B7FE7009ECE9B /* Baby-lullaby-music.mp4 in Resources */,
				3DC31BF3297B7FE7009ECE9B /* hush-little-baby.mp4 in Resources */,
				3DC31BD6297ACAD5009ECE9B /* LaunchScreen.storyboard in Resources */,
				3DC31BEF297B7FE7009ECE9B /* twinkle-twinkle-little-star.mp4 in Resources */,
				3DC31BF5297B7FE7009ECE9B /* mozart-serenade.mp4 in Resources */,
				3DC31BD3297ACAD5009ECE9B /* Assets.xcassets in Resources */,
				3DC31BF2297B7FE7009ECE9B /* mozart-minuet.mp4 in Resources */,
				3DC31BEE297B7FE7009ECE9B /* mozart-piano-Sonata.mp4 in Resources */,
				3DC31BD1297ACAD3009ECE9B /* Main.storyboard in Resources */,
				3DC31BF4297B7FE7009ECE9B /* lavenders-blue.mp4 in Resources */,
				3DC31BF0297B7FE7009ECE9B /* baa-baa-black-sheep.mp4 in Resources */,
			);
			runOnlyForDeploymentPostprocessing = 0;
		};
/* End PBXResourcesBuildPhase section */

/* Begin PBXSourcesBuildPhase section */
		3DC31BC2297ACAD3009ECE9B /* Sources */ = {
			isa = PBXSourcesBuildPhase;
			buildActionMask = 2147483647;
			files = (
				3DCEA1522989D60200D4FDFD /* LUListenViewModel.swift in Sources */,
				3DC31BCE297ACAD3009ECE9B /* ViewController.swift in Sources */,
				3DC31BE3297B6EC2009ECE9B /* ListenModel.swift in Sources */,
				3DC31BE0297B65F9009ECE9B /* LUCollectionViewCell.swift in Sources */,
				3DCD9C2729812C2D0067A64A /* ColorExtension.swift in Sources */,
				3DC31BCA297ACAD3009ECE9B /* AppDelegate.swift in Sources */,
				3DC31BCC297ACAD3009ECE9B /* SceneDelegate.swift in Sources */,
			);
			runOnlyForDeploymentPostprocessing = 0;
		};
/* End PBXSourcesBuildPhase section */

/* Begin PBXVariantGroup section */
		3DC31BCF297ACAD3009ECE9B /* Main.storyboard */ = {
			isa = PBXVariantGroup;
			children = (
				3DC31BD0297ACAD3009ECE9B /* Base */,
			);
			name = Main.storyboard;
			sourceTree = "<group>";
		};
		3DC31BD4297ACAD5009ECE9B /* LaunchScreen.storyboard */ = {
			isa = PBXVariantGroup;
			children = (
				3DC31BD5297ACAD5009ECE9B /* Base */,
			);
			name = LaunchScreen.storyboard;
			sourceTree = "<group>";
		};
/* End PBXVariantGroup section */

/* Begin XCBuildConfiguration section */
		3DC31BD8297ACAD5009ECE9B /* Debug */ = {
			isa = XCBuildConfiguration;
			buildSettings = {
				ALWAYS_SEARCH_USER_PATHS = NO;
				CLANG_ANALYZER_NONNULL = YES;
				CLANG_ANALYZER_NUMBER_OBJECT_CONVERSION = YES_AGGRESSIVE;
				CLANG_CXX_LANGUAGE_STANDARD = "gnu++20";
				CLANG_ENABLE_MODULES = YES;
				CLANG_ENABLE_OBJC_ARC = YES;
				CLANG_ENABLE_OBJC_WEAK = YES;
				CLANG_WARN_BLOCK_CAPTURE_AUTORELEASING = YES;
				CLANG_WARN_BOOL_CONVERSION = YES;
				CLANG_WARN_COMMA = YES;
				CLANG_WARN_CONSTANT_CONVERSION = YES;
				CLANG_WARN_DEPRECATED_OBJC_IMPLEMENTATIONS = YES;
				CLANG_WARN_DIRECT_OBJC_ISA_USAGE = YES_ERROR;
				CLANG_WARN_DOCUMENTATION_COMMENTS = YES;
				CLANG_WARN_EMPTY_BODY = YES;
				CLANG_WARN_ENUM_CONVERSION = YES;
				CLANG_WARN_INFINITE_RECURSION = YES;
				CLANG_WARN_INT_CONVERSION = YES;
				CLANG_WARN_NON_LITERAL_NULL_CONVERSION = YES;
				CLANG_WARN_OBJC_IMPLICIT_RETAIN_SELF = YES;
				CLANG_WARN_OBJC_LITERAL_CONVERSION = YES;
				CLANG_WARN_OBJC_ROOT_CLASS = YES_ERROR;
				CLANG_WARN_QUOTED_INCLUDE_IN_FRAMEWORK_HEADER = YES;
				CLANG_WARN_RANGE_LOOP_ANALYSIS = YES;
				CLANG_WARN_STRICT_PROTOTYPES = YES;
				CLANG_WARN_SUSPICIOUS_MOVE = YES;
				CLANG_WARN_UNGUARDED_AVAILABILITY = YES_AGGRESSIVE;
				CLANG_WARN_UNREACHABLE_CODE = YES;
				CLANG_WARN__DUPLICATE_METHOD_MATCH = YES;
				COPY_PHASE_STRIP = NO;
				DEBUG_INFORMATION_FORMAT = dwarf;
				ENABLE_STRICT_OBJC_MSGSEND = YES;
				ENABLE_TESTABILITY = YES;
				GCC_C_LANGUAGE_STANDARD = gnu11;
				GCC_DYNAMIC_NO_PIC = NO;
				GCC_NO_COMMON_BLOCKS = YES;
				GCC_OPTIMIZATION_LEVEL = 0;
				GCC_PREPROCESSOR_DEFINITIONS = (
					"DEBUG=1",
					"$(inherited)",
				);
				GCC_WARN_64_TO_32_BIT_CONVERSION = YES;
				GCC_WARN_ABOUT_RETURN_TYPE = YES_ERROR;
				GCC_WARN_UNDECLARED_SELECTOR = YES;
				GCC_WARN_UNINITIALIZED_AUTOS = YES_AGGRESSIVE;
				GCC_WARN_UNUSED_FUNCTION = YES;
				GCC_WARN_UNUSED_VARIABLE = YES;
				IPHONEOS_DEPLOYMENT_TARGET = 16.2;
				MTL_ENABLE_DEBUG_INFO = INCLUDE_SOURCE;
				MTL_FAST_MATH = YES;
				ONLY_ACTIVE_ARCH = YES;
				SDKROOT = iphoneos;
				SWIFT_ACTIVE_COMPILATION_CONDITIONS = DEBUG;
				SWIFT_OPTIMIZATION_LEVEL = "-Onone";
			};
			name = Debug;
		};
		3DC31BD9297ACAD5009ECE9B /* Release */ = {
			isa = XCBuildConfiguration;
			buildSettings = {
				ALWAYS_SEARCH_USER_PATHS = NO;
				CLANG_ANALYZER_NONNULL = YES;
				CLANG_ANALYZER_NUMBER_OBJECT_CONVERSION = YES_AGGRESSIVE;
				CLANG_CXX_LANGUAGE_STANDARD = "gnu++20";
				CLANG_ENABLE_MODULES = YES;
				CLANG_ENABLE_OBJC_ARC = YES;
				CLANG_ENABLE_OBJC_WEAK = YES;
				CLANG_WARN_BLOCK_CAPTURE_AUTORELEASING = YES;
				CLANG_WARN_BOOL_CONVERSION = YES;
				CLANG_WARN_COMMA = YES;
				CLANG_WARN_CONSTANT_CONVERSION = YES;
				CLANG_WARN_DEPRECATED_OBJC_IMPLEMENTATIONS = YES;
				CLANG_WARN_DIRECT_OBJC_ISA_USAGE = YES_ERROR;
				CLANG_WARN_DOCUMENTATION_COMMENTS = YES;
				CLANG_WARN_EMPTY_BODY = YES;
				CLANG_WARN_ENUM_CONVERSION = YES;
				CLANG_WARN_INFINITE_RECURSION = YES;
				CLANG_WARN_INT_CONVERSION = YES;
				CLANG_WARN_NON_LITERAL_NULL_CONVERSION = YES;
				CLANG_WARN_OBJC_IMPLICIT_RETAIN_SELF = YES;
				CLANG_WARN_OBJC_LITERAL_CONVERSION = YES;
				CLANG_WARN_OBJC_ROOT_CLASS = YES_ERROR;
				CLANG_WARN_QUOTED_INCLUDE_IN_FRAMEWORK_HEADER = YES;
				CLANG_WARN_RANGE_LOOP_ANALYSIS = YES;
				CLANG_WARN_STRICT_PROTOTYPES = YES;
				CLANG_WARN_SUSPICIOUS_MOVE = YES;
				CLANG_WARN_UNGUARDED_AVAILABILITY = YES_AGGRESSIVE;
				CLANG_WARN_UNREACHABLE_CODE = YES;
				CLANG_WARN__DUPLICATE_METHOD_MATCH = YES;
				COPY_PHASE_STRIP = NO;
				DEBUG_INFORMATION_FORMAT = "dwarf-with-dsym";
				ENABLE_NS_ASSERTIONS = NO;
				ENABLE_STRICT_OBJC_MSGSEND = YES;
				GCC_C_LANGUAGE_STANDARD = gnu11;
				GCC_NO_COMMON_BLOCKS = YES;
				GCC_WARN_64_TO_32_BIT_CONVERSION = YES;
				GCC_WARN_ABOUT_RETURN_TYPE = YES_ERROR;
				GCC_WARN_UNDECLARED_SELECTOR = YES;
				GCC_WARN_UNINITIALIZED_AUTOS = YES_AGGRESSIVE;
				GCC_WARN_UNUSED_FUNCTION = YES;
				GCC_WARN_UNUSED_VARIABLE = YES;
				IPHONEOS_DEPLOYMENT_TARGET = 16.2;
				MTL_ENABLE_DEBUG_INFO = NO;
				MTL_FAST_MATH = YES;
				SDKROOT = iphoneos;
				SWIFT_COMPILATION_MODE = wholemodule;
				SWIFT_OPTIMIZATION_LEVEL = "-O";
				VALIDATE_PRODUCT = YES;
			};
			name = Release;
		};
		3DC31BDB297ACAD5009ECE9B /* Debug */ = {
			isa = XCBuildConfiguration;
			buildSettings = {
				ASSETCATALOG_COMPILER_APPICON_NAME = AppIcon;
				ASSETCATALOG_COMPILER_GLOBAL_ACCENT_COLOR_NAME = AccentColor;
				CODE_SIGN_STYLE = Automatic;
				CURRENT_PROJECT_VERSION = 1;
				DEVELOPMENT_TEAM = 736439KKK6;
				GENERATE_INFOPLIST_FILE = YES;
				INFOPLIST_FILE = lulaapp/Info.plist;
				INFOPLIST_KEY_UIApplicationSupportsIndirectInputEvents = YES;
				INFOPLIST_KEY_UILaunchStoryboardName = LaunchScreen;
				INFOPLIST_KEY_UIMainStoryboardFile = Main;
				INFOPLIST_KEY_UISupportedInterfaceOrientations_iPad = "UIInterfaceOrientationPortrait UIInterfaceOrientationPortraitUpsideDown UIInterfaceOrientationLandscapeLeft UIInterfaceOrientationLandscapeRight";
				INFOPLIST_KEY_UISupportedInterfaceOrientations_iPhone = "UIInterfaceOrientationPortrait UIInterfaceOrientationLandscapeLeft UIInterfaceOrientationLandscapeRight";
				LD_RUNPATH_SEARCH_PATHS = (
					"$(inherited)",
					"@executable_path/Frameworks",
				);
				MARKETING_VERSION = 1.0;
				PRODUCT_BUNDLE_IDENTIFIER = com.fatihdurdu.lulaapp;
				PRODUCT_NAME = "$(TARGET_NAME)";
				SWIFT_EMIT_LOC_STRINGS = YES;
				SWIFT_VERSION = 5.0;
				TARGETED_DEVICE_FAMILY = "1,2";
			};
			name = Debug;
		};
		3DC31BDC297ACAD5009ECE9B /* Release */ = {
			isa = XCBuildConfiguration;
			buildSettings = {
				ASSETCATALOG_COMPILER_APPICON_NAME = AppIcon;
				ASSETCATALOG_COMPILER_GLOBAL_ACCENT_COLOR_NAME = AccentColor;
				CODE_SIGN_STYLE = Automatic;
				CURRENT_PROJECT_VERSION = 1;
				DEVELOPMENT_TEAM = 736439KKK6;
				GENERATE_INFOPLIST_FILE = YES;
				INFOPLIST_FILE = lulaapp/Info.plist;
				INFOPLIST_KEY_UIApplicationSupportsIndirectInputEvents = YES;
				INFOPLIST_KEY_UILaunchStoryboardName = LaunchScreen;
				INFOPLIST_KEY_UIMainStoryboardFile = Main;
				INFOPLIST_KEY_UISupportedInterfaceOrientations_iPad = "UIInterfaceOrientationPortrait UIInterfaceOrientationPortraitUpsideDown UIInterfaceOrientationLandscapeLeft UIInterfaceOrientationLandscapeRight";
				INFOPLIST_KEY_UISupportedInterfaceOrientations_iPhone = "UIInterfaceOrientationPortrait UIInterfaceOrientationLandscapeLeft UIInterfaceOrientationLandscapeRight";
				LD_RUNPATH_SEARCH_PATHS = (
					"$(inherited)",
					"@executable_path/Frameworks",
				);
				MARKETING_VERSION = 1.0;
				PRODUCT_BUNDLE_IDENTIFIER = com.fatihdurdu.lulaapp;
				PRODUCT_NAME = "$(TARGET_NAME)";
				SWIFT_EMIT_LOC_STRINGS = YES;
				SWIFT_VERSION = 5.0;
				TARGETED_DEVICE_FAMILY = "1,2";
			};
			name = Release;
		};
/* End XCBuildConfiguration section */

/* Begin XCConfigurationList section */
		3DC31BC1297ACAD3009ECE9B /* Build configuration list for PBXProject "lulaapp" */ = {
			isa = XCConfigurationList;
			buildConfigurations = (
				3DC31BD8297ACAD5009ECE9B /* Debug */,
				3DC31BD9297ACAD5009ECE9B /* Release */,
			);
			defaultConfigurationIsVisible = 0;
			defaultConfigurationName = Release;
		};
		3DC31BDA297ACAD5009ECE9B /* Build configuration list for PBXNativeTarget "lulaapp" */ = {
			isa = XCConfigurationList;
			buildConfigurations = (
				3DC31BDB297ACAD5009ECE9B /* Debug */,
				3DC31BDC297ACAD5009ECE9B /* Release */,
			);
			defaultConfigurationIsVisible = 0;
			defaultConfigurationName = Release;
		};
/* End XCConfigurationList section */
	};
	rootObject = 3DC31BBE297ACAD3009ECE9B /* Project object */;
}
